
Microsoft Visual Studio Solution File, Format Version 12.00
# Visual Studio 15
VisualStudioVersion = 15.0.28307.489
MinimumVisualStudioVersion = 10.0.40219.1
Project("{FAE04EC0-301F-11D3-BF4B-00C04F79EFBC}") = "PruebaCommits", "PruebaCommits\PruebaCommits.csproj", "{DCD28B6C-EDBD-4EC6-8A15-369C62BBFDD8}"
EndProject
Global
	GlobalSection(SolutionConfigurationPlatforms) = preSolution
		Debug|Any CPU = Debug|Any CPU
		Release|Any CPU = Release|Any CPU
	EndGlobalSection
	GlobalSection(ProjectConfigurationPlatforms) = postSolution
		{DCD28B6C-EDBD-4EC6-8A15-369C62BBFDD8}.Debug|Any CPU.ActiveCfg = Debug|Any CPU
		{DCD28B6C-EDBD-4EC6-8A15-369C62BBFDD8}.Debug|Any CPU.Build.0 = Debug|Any CPU
		{DCD28B6C-EDBD-4EC6-8A15-369C62BBFDD8}.Release|Any CPU.ActiveCfg = Release|Any CPU
		{DCD28B6C-EDBD-4EC6-8A15-369C62BBFDD8}.Release|Any CPU.Build.0 = Release|Any CPU
	EndGlobalSection
	GlobalSection(SolutionProperties) = preSolution
		HideSolutionNode = FALSE
	EndGlobalSection
	GlobalSection(ExtensibilityGlobals) = postSolution
		SolutionGuid = {BE8B329B-64D2-4412-9C43-B820C4815F57}
	EndGlobalSection
EndGlobal
